# This file is autogenerated, do not edit; changes may be undone by the next 'dep ensure'.


[[projects]]
  name = "github.com/b4b4r07/gomi"
  packages = ["darwin"]
  revision = "527cbad135501e20acad925973bb44bf3decba95"
  version = "v0.1.7"

[[projects]]
  name = "github.com/jessevdk/go-flags"
  packages = ["."]
  revision = "c6ca198ec95c841fdb89fc0de7496fed11ab854e"
  version = "v1.4.0"

[[projects]]
  name = "github.com/jung-kurt/gofpdf"
  packages = ["."]
  revision = "14c1db30737a138f8d9797cffea58783892b2fae"
  version = "v1.0.0"

[[projects]]
  branch = "master"
  name = "golang.org/x/net"
  packages = ["context"]
  revision = "2f5d2388922f370f4355f327fcf4cfe9f5583908"

[[projects]]
  branch = "master"
  name = "golang.org/x/sync"
  packages = ["errgroup"]
  revision = "1d60e4601c6fd243af51cc01ddf169918a5407ca"

[[projects]]
  name = "golang.org/x/text"
  packages = [
    "collate",
    "collate/build",
    "internal/colltab",
    "internal/gen",
    "internal/tag",
    "internal/triegen",
    "internal/ucd",
    "language",
    "transform",
    "unicode/cldr",
    "unicode/norm"
  ]
  revision = "f21a4dfb5e38f5895301dc265a8def02365cc3d0"
  version = "v0.3.0"

[solve-meta]
  analyzer-name = "dep"
  analyzer-version = 1
  inputs-digest = "620900e444e1ea444ce93816f08cee12e23eca3cd275e1f05d61d8559088f372"
  solver-name = "gps-cdcl"
  solver-version = 1
